// !$*UTF8*$!
{
	archiveVersion = 1;
	classes = {
	};
	objectVersion = 55;
	objects = {

/* Begin PBXBuildFile section */
		E4C6960B2722E18500AE0796 /* AppDelegate.swift in Sources */ = {isa = PBXBuildFile; fileRef = E4C6960A2722E18500AE0796 /* AppDelegate.swift */; };
		E4C6960F2722E18500AE0796 /* ViewController.swift in Sources */ = {isa = PBXBuildFile; fileRef = E4C6960E2722E18500AE0796 /* ViewController.swift */; };
		E4C696122722E18500AE0796 /* Main.storyboard in Resources */ = {isa = PBXBuildFile; fileRef = E4C696102722E18500AE0796 /* Main.storyboard */; };
		E4C696152722E18500AE0796 /* GithubUserSearchApp.xcdatamodeld in Sources */ = {isa = PBXBuildFile; fileRef = E4C696132722E18500AE0796 /* GithubUserSearchApp.xcdatamodeld */; };
		E4C696172722E18700AE0796 /* Assets.xcassets in Resources */ = {isa = PBXBuildFile; fileRef = E4C696162722E18700AE0796 /* Assets.xcassets */; };
		E4C6961A2722E18700AE0796 /* LaunchScreen.storyboard in Resources */ = {isa = PBXBuildFile; fileRef = E4C696182722E18700AE0796 /* LaunchScreen.storyboard */; };
		E4C6962F2722E18700AE0796 /* GithubUserSearchAppUITests.swift in Sources */ = {isa = PBXBuildFile; fileRef = E4C6962E2722E18700AE0796 /* GithubUserSearchAppUITests.swift */; };
		E4C696312722E18700AE0796 /* GithubUserSearchAppUITestsLaunchTests.swift in Sources */ = {isa = PBXBuildFile; fileRef = E4C696302722E18700AE0796 /* GithubUserSearchAppUITestsLaunchTests.swift */; };
		E4C696742725404500AE0796 /* NetworkConfig.swift in Sources */ = {isa = PBXBuildFile; fileRef = E4C696732725404500AE0796 /* NetworkConfig.swift */; };
		E4C69678272541B900AE0796 /* Endpoint.swift in Sources */ = {isa = PBXBuildFile; fileRef = E4C69677272541B900AE0796 /* Endpoint.swift */; };
		E4C6967A272549A900AE0796 /* NetworkService.swift in Sources */ = {isa = PBXBuildFile; fileRef = E4C69679272549A900AE0796 /* NetworkService.swift */; };
		E4C6967C27254B9700AE0796 /* DataTransferService.swift in Sources */ = {isa = PBXBuildFile; fileRef = E4C6967B27254B9700AE0796 /* DataTransferService.swift */; };
		E4C6968027254FB200AE0796 /* NetworkServiceTests.swift in Sources */ = {isa = PBXBuildFile; fileRef = E4C6967F27254FB200AE0796 /* NetworkServiceTests.swift */; };
		E4C6968127254FDD00AE0796 /* Endpoint.swift in Sources */ = {isa = PBXBuildFile; fileRef = E4C69677272541B900AE0796 /* Endpoint.swift */; };
		E4C6968227254FEB00AE0796 /* NetworkConfig.swift in Sources */ = {isa = PBXBuildFile; fileRef = E4C696732725404500AE0796 /* NetworkConfig.swift */; };
		E4C6968327254FF100AE0796 /* NetworkService.swift in Sources */ = {isa = PBXBuildFile; fileRef = E4C69679272549A900AE0796 /* NetworkService.swift */; };
		E4C6968427254FF500AE0796 /* DataTransferService.swift in Sources */ = {isa = PBXBuildFile; fileRef = E4C6967B27254B9700AE0796 /* DataTransferService.swift */; };
		E4C696862725514F00AE0796 /* NetworkConfigurableMock.swift in Sources */ = {isa = PBXBuildFile; fileRef = E4C696852725514F00AE0796 /* NetworkConfigurableMock.swift */; };
		E4C696882725515E00AE0796 /* NetworkSessionManagerMock.swift in Sources */ = {isa = PBXBuildFile; fileRef = E4C696872725515E00AE0796 /* NetworkSessionManagerMock.swift */; };
		E4C6968A2725517700AE0796 /* EndpointMock.swift in Sources */ = {isa = PBXBuildFile; fileRef = E4C696892725517700AE0796 /* EndpointMock.swift */; };
		E4C6968C27255B7000AE0796 /* DataTransferServiceTests.swift in Sources */ = {isa = PBXBuildFile; fileRef = E4C6968B27255B7000AE0796 /* DataTransferServiceTests.swift */; };
/* End PBXBuildFile section */

/* Begin PBXContainerItemProxy section */
		E4C696212722E18700AE0796 /* PBXContainerItemProxy */ = {
			isa = PBXContainerItemProxy;
			containerPortal = E4C695FF2722E18500AE0796 /* Project object */;
			proxyType = 1;
			remoteGlobalIDString = E4C696062722E18500AE0796;
			remoteInfo = GithubUserSearchApp;
		};
		E4C6962B2722E18700AE0796 /* PBXContainerItemProxy */ = {
			isa = PBXContainerItemProxy;
			containerPortal = E4C695FF2722E18500AE0796 /* Project object */;
			proxyType = 1;
			remoteGlobalIDString = E4C696062722E18500AE0796;
			remoteInfo = GithubUserSearchApp;
		};
/* End PBXContainerItemProxy section */

/* Begin PBXFileReference section */
		E4C696072722E18500AE0796 /* GithubUserSearchApp.app */ = {isa = PBXFileReference; explicitFileType = wrapper.application; includeInIndex = 0; path = GithubUserSearchApp.app; sourceTree = BUILT_PRODUCTS_DIR; };
		E4C6960A2722E18500AE0796 /* AppDelegate.swift */ = {isa = PBXFileReference; lastKnownFileType = sourcecode.swift; path = AppDelegate.swift; sourceTree = "<group>"; };
		E4C6960E2722E18500AE0796 /* ViewController.swift */ = {isa = PBXFileReference; lastKnownFileType = sourcecode.swift; path = ViewController.swift; sourceTree = "<group>"; };
		E4C696112722E18500AE0796 /* Base */ = {isa = PBXFileReference; lastKnownFileType = file.storyboard; name = Base; path = Base.lproj/Main.storyboard; sourceTree = "<group>"; };
		E4C696142722E18500AE0796 /* GithubUserSearchApp.xcdatamodel */ = {isa = PBXFileReference; lastKnownFileType = wrapper.xcdatamodel; path = GithubUserSearchApp.xcdatamodel; sourceTree = "<group>"; };
		E4C696162722E18700AE0796 /* Assets.xcassets */ = {isa = PBXFileReference; lastKnownFileType = folder.assetcatalog; path = Assets.xcassets; sourceTree = "<group>"; };
		E4C696192722E18700AE0796 /* Base */ = {isa = PBXFileReference; lastKnownFileType = file.storyboard; name = Base; path = Base.lproj/LaunchScreen.storyboard; sourceTree = "<group>"; };
		E4C6961B2722E18700AE0796 /* Info.plist */ = {isa = PBXFileReference; lastKnownFileType = text.plist.xml; path = Info.plist; sourceTree = "<group>"; };
		E4C696202722E18700AE0796 /* GithubUserSearchAppTests.xctest */ = {isa = PBXFileReference; explicitFileType = wrapper.cfbundle; includeInIndex = 0; path = GithubUserSearchAppTests.xctest; sourceTree = BUILT_PRODUCTS_DIR; };
		E4C6962A2722E18700AE0796 /* GithubUserSearchAppUITests.xctest */ = {isa = PBXFileReference; explicitFileType = wrapper.cfbundle; includeInIndex = 0; path = GithubUserSearchAppUITests.xctest; sourceTree = BUILT_PRODUCTS_DIR; };
		E4C6962E2722E18700AE0796 /* GithubUserSearchAppUITests.swift */ = {isa = PBXFileReference; lastKnownFileType = sourcecode.swift; path = GithubUserSearchAppUITests.swift; sourceTree = "<group>"; };
		E4C696302722E18700AE0796 /* GithubUserSearchAppUITestsLaunchTests.swift */ = {isa = PBXFileReference; lastKnownFileType = sourcecode.swift; path = GithubUserSearchAppUITestsLaunchTests.swift; sourceTree = "<group>"; };
		E4C696732725404500AE0796 /* NetworkConfig.swift */ = {isa = PBXFileReference; lastKnownFileType = sourcecode.swift; path = NetworkConfig.swift; sourceTree = "<group>"; };
		E4C69677272541B900AE0796 /* Endpoint.swift */ = {isa = PBXFileReference; lastKnownFileType = sourcecode.swift; path = Endpoint.swift; sourceTree = "<group>"; };
		E4C69679272549A900AE0796 /* NetworkService.swift */ = {isa = PBXFileReference; lastKnownFileType = sourcecode.swift; path = NetworkService.swift; sourceTree = "<group>"; };
		E4C6967B27254B9700AE0796 /* DataTransferService.swift */ = {isa = PBXFileReference; lastKnownFileType = sourcecode.swift; path = DataTransferService.swift; sourceTree = "<group>"; };
		E4C6967F27254FB200AE0796 /* NetworkServiceTests.swift */ = {isa = PBXFileReference; lastKnownFileType = sourcecode.swift; path = NetworkServiceTests.swift; sourceTree = "<group>"; };
		E4C696852725514F00AE0796 /* NetworkConfigurableMock.swift */ = {isa = PBXFileReference; lastKnownFileType = sourcecode.swift; path = NetworkConfigurableMock.swift; sourceTree = "<group>"; };
		E4C696872725515E00AE0796 /* NetworkSessionManagerMock.swift */ = {isa = PBXFileReference; lastKnownFileType = sourcecode.swift; path = NetworkSessionManagerMock.swift; sourceTree = "<group>"; };
		E4C696892725517700AE0796 /* EndpointMock.swift */ = {isa = PBXFileReference; lastKnownFileType = sourcecode.swift; path = EndpointMock.swift; sourceTree = "<group>"; };
		E4C6968B27255B7000AE0796 /* DataTransferServiceTests.swift */ = {isa = PBXFileReference; lastKnownFileType = sourcecode.swift; path = DataTransferServiceTests.swift; sourceTree = "<group>"; };
/* End PBXFileReference section */

/* Begin PBXFrameworksBuildPhase section */
		E4C696042722E18500AE0796 /* Frameworks */ = {
			isa = PBXFrameworksBuildPhase;
			buildActionMask = 2147483647;
			files = (
			);
			runOnlyForDeploymentPostprocessing = 0;
		};
		E4C6961D2722E18700AE0796 /* Frameworks */ = {
			isa = PBXFrameworksBuildPhase;
			buildActionMask = 2147483647;
			files = (
			);
			runOnlyForDeploymentPostprocessing = 0;
		};
		E4C696272722E18700AE0796 /* Frameworks */ = {
			isa = PBXFrameworksBuildPhase;
			buildActionMask = 2147483647;
			files = (
			);
			runOnlyForDeploymentPostprocessing = 0;
		};
/* End PBXFrameworksBuildPhase section */

/* Begin PBXGroup section */
		E4C695FE2722E18500AE0796 = {
			isa = PBXGroup;
			children = (
				E4C696092722E18500AE0796 /* GithubUserSearchApp */,
				E4C696232722E18700AE0796 /* GithubUserSearchAppTests */,
				E4C6962D2722E18700AE0796 /* GithubUserSearchAppUITests */,
				E4C696082722E18500AE0796 /* Products */,
			);
			sourceTree = "<group>";
		};
		E4C696082722E18500AE0796 /* Products */ = {
			isa = PBXGroup;
			children = (
				E4C696072722E18500AE0796 /* GithubUserSearchApp.app */,
				E4C696202722E18700AE0796 /* GithubUserSearchAppTests.xctest */,
				E4C6962A2722E18700AE0796 /* GithubUserSearchAppUITests.xctest */,
			);
			name = Products;
			sourceTree = "<group>";
		};
		E4C696092722E18500AE0796 /* GithubUserSearchApp */ = {
			isa = PBXGroup;
			children = (
				E4C6963E272446AC00AE0796 /* Application */,
				E4C6963F272446C000AE0796 /* Presentation */,
				E4C696412724473600AE0796 /* Data */,
				E4C696762725406000AE0796 /* Infrastructure */,
				E4C696402724470B00AE0796 /* Resources */,
			);
			path = GithubUserSearchApp;
			sourceTree = "<group>";
		};
		E4C696232722E18700AE0796 /* GithubUserSearchAppTests */ = {
			isa = PBXGroup;
			children = (
				E4C6968F27256A0E00AE0796 /* Infrastructure */,
			);
			path = GithubUserSearchAppTests;
			sourceTree = "<group>";
		};
		E4C6962D2722E18700AE0796 /* GithubUserSearchAppUITests */ = {
			isa = PBXGroup;
			children = (
				E4C6962E2722E18700AE0796 /* GithubUserSearchAppUITests.swift */,
				E4C696302722E18700AE0796 /* GithubUserSearchAppUITestsLaunchTests.swift */,
			);
			path = GithubUserSearchAppUITests;
			sourceTree = "<group>";
		};
		E4C6963E272446AC00AE0796 /* Application */ = {
			isa = PBXGroup;
			children = (
				E4C6960A2722E18500AE0796 /* AppDelegate.swift */,
			);
			path = Application;
			sourceTree = "<group>";
		};
		E4C6963F272446C000AE0796 /* Presentation */ = {
			isa = PBXGroup;
			children = (
				E4C6960E2722E18500AE0796 /* ViewController.swift */,
				E4C696102722E18500AE0796 /* Main.storyboard */,
			);
			path = Presentation;
			sourceTree = "<group>";
		};
		E4C696402724470B00AE0796 /* Resources */ = {
			isa = PBXGroup;
			children = (
				E4C696162722E18700AE0796 /* Assets.xcassets */,
				E4C696182722E18700AE0796 /* LaunchScreen.storyboard */,
				E4C6961B2722E18700AE0796 /* Info.plist */,
			);
			path = Resources;
			sourceTree = "<group>";
		};
		E4C696412724473600AE0796 /* Data */ = {
			isa = PBXGroup;
			children = (
				E4C696422724475200AE0796 /* PersistentStorages */,
			);
			path = Data;
			sourceTree = "<group>";
		};
		E4C696422724475200AE0796 /* PersistentStorages */ = {
			isa = PBXGroup;
			children = (
				E4C696432724476E00AE0796 /* CoreDataStorage */,
			);
			path = PersistentStorages;
			sourceTree = "<group>";
		};
		E4C696432724476E00AE0796 /* CoreDataStorage */ = {
			isa = PBXGroup;
			children = (
				E4C696132722E18500AE0796 /* GithubUserSearchApp.xcdatamodeld */,
			);
			path = CoreDataStorage;
			sourceTree = "<group>";
		};
		E4C696752725405500AE0796 /* Network */ = {
			isa = PBXGroup;
			children = (
				E4C6967B27254B9700AE0796 /* DataTransferService.swift */,
				E4C69679272549A900AE0796 /* NetworkService.swift */,
				E4C69677272541B900AE0796 /* Endpoint.swift */,
				E4C696732725404500AE0796 /* NetworkConfig.swift */,
			);
			path = Network;
			sourceTree = "<group>";
		};
		E4C696762725406000AE0796 /* Infrastructure */ = {
			isa = PBXGroup;
			children = (
				E4C696752725405500AE0796 /* Network */,
			);
			path = Infrastructure;
			sourceTree = "<group>";
		};
		E4C6968D272569E400AE0796 /* Mocks */ = {
			isa = PBXGroup;
			children = (
				E4C696892725517700AE0796 /* EndpointMock.swift */,
				E4C696852725514F00AE0796 /* NetworkConfigurableMock.swift */,
				E4C696872725515E00AE0796 /* NetworkSessionManagerMock.swift */,
			);
			path = Mocks;
			sourceTree = "<group>";
		};
		E4C6968E272569FD00AE0796 /* Network */ = {
			isa = PBXGroup;
			children = (
				E4C6968D272569E400AE0796 /* Mocks */,
				E4C6967F27254FB200AE0796 /* NetworkServiceTests.swift */,
				E4C6968B27255B7000AE0796 /* DataTransferServiceTests.swift */,
			);
			path = Network;
			sourceTree = "<group>";
		};
		E4C6968F27256A0E00AE0796 /* Infrastructure */ = {
			isa = PBXGroup;
			children = (
				E4C6968E272569FD00AE0796 /* Network */,
			);
			path = Infrastructure;
			sourceTree = "<group>";
		};
/* End PBXGroup section */

/* Begin PBXNativeTarget section */
		E4C696062722E18500AE0796 /* GithubUserSearchApp */ = {
			isa = PBXNativeTarget;
			buildConfigurationList = E4C696342722E18700AE0796 /* Build configuration list for PBXNativeTarget "GithubUserSearchApp" */;
			buildPhases = (
				E4C696032722E18500AE0796 /* Sources */,
				E4C696042722E18500AE0796 /* Frameworks */,
				E4C696052722E18500AE0796 /* Resources */,
			);
			buildRules = (
			);
			dependencies = (
			);
			name = GithubUserSearchApp;
			productName = GithubUserSearchApp;
			productReference = E4C696072722E18500AE0796 /* GithubUserSearchApp.app */;
			productType = "com.apple.product-type.application";
		};
		E4C6961F2722E18700AE0796 /* GithubUserSearchAppTests */ = {
			isa = PBXNativeTarget;
			buildConfigurationList = E4C696372722E18700AE0796 /* Build configuration list for PBXNativeTarget "GithubUserSearchAppTests" */;
			buildPhases = (
				E4C6961C2722E18700AE0796 /* Sources */,
				E4C6961D2722E18700AE0796 /* Frameworks */,
				E4C6961E2722E18700AE0796 /* Resources */,
			);
			buildRules = (
			);
			dependencies = (
				E4C696222722E18700AE0796 /* PBXTargetDependency */,
			);
			name = GithubUserSearchAppTests;
			productName = GithubUserSearchAppTests;
			productReference = E4C696202722E18700AE0796 /* GithubUserSearchAppTests.xctest */;
			productType = "com.apple.product-type.bundle.unit-test";
		};
		E4C696292722E18700AE0796 /* GithubUserSearchAppUITests */ = {
			isa = PBXNativeTarget;
			buildConfigurationList = E4C6963A2722E18700AE0796 /* Build configuration list for PBXNativeTarget "GithubUserSearchAppUITests" */;
			buildPhases = (
				E4C696262722E18700AE0796 /* Sources */,
				E4C696272722E18700AE0796 /* Frameworks */,
				E4C696282722E18700AE0796 /* Resources */,
			);
			buildRules = (
			);
			dependencies = (
				E4C6962C2722E18700AE0796 /* PBXTargetDependency */,
			);
			name = GithubUserSearchAppUITests;
			productName = GithubUserSearchAppUITests;
			productReference = E4C6962A2722E18700AE0796 /* GithubUserSearchAppUITests.xctest */;
			productType = "com.apple.product-type.bundle.ui-testing";
		};
/* End PBXNativeTarget section */

/* Begin PBXProject section */
		E4C695FF2722E18500AE0796 /* Project object */ = {
			isa = PBXProject;
			attributes = {
				BuildIndependentTargetsInParallel = 1;
				LastSwiftUpdateCheck = 1300;
				LastUpgradeCheck = 1300;
				TargetAttributes = {
					E4C696062722E18500AE0796 = {
						CreatedOnToolsVersion = 13.0;
					};
					E4C6961F2722E18700AE0796 = {
						CreatedOnToolsVersion = 13.0;
						LastSwiftMigration = 1300;
						TestTargetID = E4C696062722E18500AE0796;
					};
					E4C696292722E18700AE0796 = {
						CreatedOnToolsVersion = 13.0;
						TestTargetID = E4C696062722E18500AE0796;
					};
				};
			};
			buildConfigurationList = E4C696022722E18500AE0796 /* Build configuration list for PBXProject "GithubUserSearchApp" */;
			compatibilityVersion = "Xcode 13.0";
			developmentRegion = en;
			hasScannedForEncodings = 0;
			knownRegions = (
				en,
				Base,
			);
			mainGroup = E4C695FE2722E18500AE0796;
			productRefGroup = E4C696082722E18500AE0796 /* Products */;
			projectDirPath = "";
			projectRoot = "";
			targets = (
				E4C696062722E18500AE0796 /* GithubUserSearchApp */,
				E4C6961F2722E18700AE0796 /* GithubUserSearchAppTests */,
				E4C696292722E18700AE0796 /* GithubUserSearchAppUITests */,
			);
		};
/* End PBXProject section */

/* Begin PBXResourcesBuildPhase section */
		E4C696052722E18500AE0796 /* Resources */ = {
			isa = PBXResourcesBuildPhase;
			buildActionMask = 2147483647;
			files = (
				E4C6961A2722E18700AE0796 /* LaunchScreen.storyboard in Resources */,
				E4C696172722E18700AE0796 /* Assets.xcassets in Resources */,
				E4C696122722E18500AE0796 /* Main.storyboard in Resources */,
			);
			runOnlyForDeploymentPostprocessing = 0;
		};
		E4C6961E2722E18700AE0796 /* Resources */ = {
			isa = PBXResourcesBuildPhase;
			buildActionMask = 2147483647;
			files = (
			);
			runOnlyForDeploymentPostprocessing = 0;
		};
		E4C696282722E18700AE0796 /* Resources */ = {
			isa = PBXResourcesBuildPhase;
			buildActionMask = 2147483647;
			files = (
			);
			runOnlyForDeploymentPostprocessing = 0;
		};
/* End PBXResourcesBuildPhase section */

/* Begin PBXSourcesBuildPhase section */
		E4C696032722E18500AE0796 /* Sources */ = {
			isa = PBXSourcesBuildPhase;
			buildActionMask = 2147483647;
			files = (
				E4C6960F2722E18500AE0796 /* ViewController.swift in Sources */,
				E4C696742725404500AE0796 /* NetworkConfig.swift in Sources */,
				E4C6960B2722E18500AE0796 /* AppDelegate.swift in Sources */,
				E4C696152722E18500AE0796 /* GithubUserSearchApp.xcdatamodeld in Sources */,
				E4C6967C27254B9700AE0796 /* DataTransferService.swift in Sources */,
				E4C69678272541B900AE0796 /* Endpoint.swift in Sources */,
				E4C6967A272549A900AE0796 /* NetworkService.swift in Sources */,
			);
			runOnlyForDeploymentPostprocessing = 0;
		};
		E4C6961C2722E18700AE0796 /* Sources */ = {
			isa = PBXSourcesBuildPhase;
			buildActionMask = 2147483647;
			files = (
				E4C6968A2725517700AE0796 /* EndpointMock.swift in Sources */,
				E4C696882725515E00AE0796 /* NetworkSessionManagerMock.swift in Sources */,
				E4C6968C27255B7000AE0796 /* DataTransferServiceTests.swift in Sources */,
				E4C6968127254FDD00AE0796 /* Endpoint.swift in Sources */,
				E4C6968027254FB200AE0796 /* NetworkServiceTests.swift in Sources */,
				E4C6968327254FF100AE0796 /* NetworkService.swift in Sources */,
				E4C696862725514F00AE0796 /* NetworkConfigurableMock.swift in Sources */,
				E4C6968227254FEB00AE0796 /* NetworkConfig.swift in Sources */,
				E4C6968427254FF500AE0796 /* DataTransferService.swift in Sources */,
			);
			runOnlyForDeploymentPostprocessing = 0;
		};
		E4C696262722E18700AE0796 /* Sources */ = {
			isa = PBXSourcesBuildPhase;
			buildActionMask = 2147483647;
			files = (
				E4C696312722E18700AE0796 /* GithubUserSearchAppUITestsLaunchTests.swift in Sources */,
				E4C6962F2722E18700AE0796 /* GithubUserSearchAppUITests.swift in Sources */,
			);
			runOnlyForDeploymentPostprocessing = 0;
		};
/* End PBXSourcesBuildPhase section */

/* Begin PBXTargetDependency section */
		E4C696222722E18700AE0796 /* PBXTargetDependency */ = {
			isa = PBXTargetDependency;
			target = E4C696062722E18500AE0796 /* GithubUserSearchApp */;
			targetProxy = E4C696212722E18700AE0796 /* PBXContainerItemProxy */;
		};
		E4C6962C2722E18700AE0796 /* PBXTargetDependency */ = {
			isa = PBXTargetDependency;
			target = E4C696062722E18500AE0796 /* GithubUserSearchApp */;
			targetProxy = E4C6962B2722E18700AE0796 /* PBXContainerItemProxy */;
		};
/* End PBXTargetDependency section */

/* Begin PBXVariantGroup section */
		E4C696102722E18500AE0796 /* Main.storyboard */ = {
			isa = PBXVariantGroup;
			children = (
				E4C696112722E18500AE0796 /* Base */,
			);
			name = Main.storyboard;
			sourceTree = "<group>";
		};
		E4C696182722E18700AE0796 /* LaunchScreen.storyboard */ = {
			isa = PBXVariantGroup;
			children = (
				E4C696192722E18700AE0796 /* Base */,
			);
			name = LaunchScreen.storyboard;
			sourceTree = "<group>";
		};
/* End PBXVariantGroup section */

/* Begin XCBuildConfiguration section */
		E4C696322722E18700AE0796 /* Debug */ = {
			isa = XCBuildConfiguration;
			buildSettings = {
				ALWAYS_SEARCH_USER_PATHS = NO;
				CLANG_ANALYZER_NONNULL = YES;
				CLANG_ANALYZER_NUMBER_OBJECT_CONVERSION = YES_AGGRESSIVE;
				CLANG_CXX_LANGUAGE_STANDARD = "gnu++17";
				CLANG_CXX_LIBRARY = "libc++";
				CLANG_ENABLE_MODULES = YES;
				CLANG_ENABLE_OBJC_ARC = YES;
				CLANG_ENABLE_OBJC_WEAK = YES;
				CLANG_WARN_BLOCK_CAPTURE_AUTORELEASING = YES;
				CLANG_WARN_BOOL_CONVERSION = YES;
				CLANG_WARN_COMMA = YES;
				CLANG_WARN_CONSTANT_CONVERSION = YES;
				CLANG_WARN_DEPRECATED_OBJC_IMPLEMENTATIONS = YES;
				CLANG_WARN_DIRECT_OBJC_ISA_USAGE = YES_ERROR;
				CLANG_WARN_DOCUMENTATION_COMMENTS = YES;
				CLANG_WARN_EMPTY_BODY = YES;
				CLANG_WARN_ENUM_CONVERSION = YES;
				CLANG_WARN_INFINITE_RECURSION = YES;
				CLANG_WARN_INT_CONVERSION = YES;
				CLANG_WARN_NON_LITERAL_NULL_CONVERSION = YES;
				CLANG_WARN_OBJC_IMPLICIT_RETAIN_SELF = YES;
				CLANG_WARN_OBJC_LITERAL_CONVERSION = YES;
				CLANG_WARN_OBJC_ROOT_CLASS = YES_ERROR;
				CLANG_WARN_QUOTED_INCLUDE_IN_FRAMEWORK_HEADER = YES;
				CLANG_WARN_RANGE_LOOP_ANALYSIS = YES;
				CLANG_WARN_STRICT_PROTOTYPES = YES;
				CLANG_WARN_SUSPICIOUS_MOVE = YES;
				CLANG_WARN_UNGUARDED_AVAILABILITY = YES_AGGRESSIVE;
				CLANG_WARN_UNREACHABLE_CODE = YES;
				CLANG_WARN__DUPLICATE_METHOD_MATCH = YES;
				COPY_PHASE_STRIP = NO;
				DEBUG_INFORMATION_FORMAT = dwarf;
				ENABLE_STRICT_OBJC_MSGSEND = YES;
				ENABLE_TESTABILITY = YES;
				GCC_C_LANGUAGE_STANDARD = gnu11;
				GCC_DYNAMIC_NO_PIC = NO;
				GCC_NO_COMMON_BLOCKS = YES;
				GCC_OPTIMIZATION_LEVEL = 0;
				GCC_PREPROCESSOR_DEFINITIONS = (
					"DEBUG=1",
					"$(inherited)",
				);
				GCC_WARN_64_TO_32_BIT_CONVERSION = YES;
				GCC_WARN_ABOUT_RETURN_TYPE = YES_ERROR;
				GCC_WARN_UNDECLARED_SELECTOR = YES;
				GCC_WARN_UNINITIALIZED_AUTOS = YES_AGGRESSIVE;
				GCC_WARN_UNUSED_FUNCTION = YES;
				GCC_WARN_UNUSED_VARIABLE = YES;
				IPHONEOS_DEPLOYMENT_TARGET = 15.0;
				MTL_ENABLE_DEBUG_INFO = INCLUDE_SOURCE;
				MTL_FAST_MATH = YES;
				ONLY_ACTIVE_ARCH = YES;
				SDKROOT = iphoneos;
				SWIFT_ACTIVE_COMPILATION_CONDITIONS = DEBUG;
				SWIFT_OPTIMIZATION_LEVEL = "-Onone";
			};
			name = Debug;
		};
		E4C696332722E18700AE0796 /* Release */ = {
			isa = XCBuildConfiguration;
			buildSettings = {
				ALWAYS_SEARCH_USER_PATHS = NO;
				CLANG_ANALYZER_NONNULL = YES;
				CLANG_ANALYZER_NUMBER_OBJECT_CONVERSION = YES_AGGRESSIVE;
				CLANG_CXX_LANGUAGE_STANDARD = "gnu++17";
				CLANG_CXX_LIBRARY = "libc++";
				CLANG_ENABLE_MODULES = YES;
				CLANG_ENABLE_OBJC_ARC = YES;
				CLANG_ENABLE_OBJC_WEAK = YES;
				CLANG_WARN_BLOCK_CAPTURE_AUTORELEASING = YES;
				CLANG_WARN_BOOL_CONVERSION = YES;
				CLANG_WARN_COMMA = YES;
				CLANG_WARN_CONSTANT_CONVERSION = YES;
				CLANG_WARN_DEPRECATED_OBJC_IMPLEMENTATIONS = YES;
				CLANG_WARN_DIRECT_OBJC_ISA_USAGE = YES_ERROR;
				CLANG_WARN_DOCUMENTATION_COMMENTS = YES;
				CLANG_WARN_EMPTY_BODY = YES;
				CLANG_WARN_ENUM_CONVERSION = YES;
				CLANG_WARN_INFINITE_RECURSION = YES;
				CLANG_WARN_INT_CONVERSION = YES;
				CLANG_WARN_NON_LITERAL_NULL_CONVERSION = YES;
				CLANG_WARN_OBJC_IMPLICIT_RETAIN_SELF = YES;
				CLANG_WARN_OBJC_LITERAL_CONVERSION = YES;
				CLANG_WARN_OBJC_ROOT_CLASS = YES_ERROR;
				CLANG_WARN_QUOTED_INCLUDE_IN_FRAMEWORK_HEADER = YES;
				CLANG_WARN_RANGE_LOOP_ANALYSIS = YES;
				CLANG_WARN_STRICT_PROTOTYPES = YES;
				CLANG_WARN_SUSPICIOUS_MOVE = YES;
				CLANG_WARN_UNGUARDED_AVAILABILITY = YES_AGGRESSIVE;
				CLANG_WARN_UNREACHABLE_CODE = YES;
				CLANG_WARN__DUPLICATE_METHOD_MATCH = YES;
				COPY_PHASE_STRIP = NO;
				DEBUG_INFORMATION_FORMAT = "dwarf-with-dsym";
				ENABLE_NS_ASSERTIONS = NO;
				ENABLE_STRICT_OBJC_MSGSEND = YES;
				GCC_C_LANGUAGE_STANDARD = gnu11;
				GCC_NO_COMMON_BLOCKS = YES;
				GCC_WARN_64_TO_32_BIT_CONVERSION = YES;
				GCC_WARN_ABOUT_RETURN_TYPE = YES_ERROR;
				GCC_WARN_UNDECLARED_SELECTOR = YES;
				GCC_WARN_UNINITIALIZED_AUTOS = YES_AGGRESSIVE;
				GCC_WARN_UNUSED_FUNCTION = YES;
				GCC_WARN_UNUSED_VARIABLE = YES;
				IPHONEOS_DEPLOYMENT_TARGET = 15.0;
				MTL_ENABLE_DEBUG_INFO = NO;
				MTL_FAST_MATH = YES;
				SDKROOT = iphoneos;
				SWIFT_COMPILATION_MODE = wholemodule;
				SWIFT_OPTIMIZATION_LEVEL = "-O";
				VALIDATE_PRODUCT = YES;
			};
			name = Release;
		};
		E4C696352722E18700AE0796 /* Debug */ = {
			isa = XCBuildConfiguration;
			buildSettings = {
				ASSETCATALOG_COMPILER_APPICON_NAME = AppIcon;
				ASSETCATALOG_COMPILER_GLOBAL_ACCENT_COLOR_NAME = AccentColor;
				CODE_SIGN_STYLE = Automatic;
				CURRENT_PROJECT_VERSION = 1;
				DEVELOPMENT_TEAM = 5M27T5LV4H;
				GENERATE_INFOPLIST_FILE = YES;
				INFOPLIST_FILE = GithubUserSearchApp/Resources/Info.plist;
				INFOPLIST_KEY_UIApplicationSupportsIndirectInputEvents = YES;
				INFOPLIST_KEY_UILaunchStoryboardName = LaunchScreen;
				INFOPLIST_KEY_UIMainStoryboardFile = Main;
				INFOPLIST_KEY_UISupportedInterfaceOrientations_iPad = "UIInterfaceOrientationPortrait UIInterfaceOrientationPortraitUpsideDown UIInterfaceOrientationLandscapeLeft UIInterfaceOrientationLandscapeRight";
				INFOPLIST_KEY_UISupportedInterfaceOrientations_iPhone = "UIInterfaceOrientationPortrait UIInterfaceOrientationLandscapeLeft UIInterfaceOrientationLandscapeRight";
				IPHONEOS_DEPLOYMENT_TARGET = 11.0;
				LD_RUNPATH_SEARCH_PATHS = (
					"$(inherited)",
					"@executable_path/Frameworks",
				);
				MARKETING_VERSION = 1.0;
				PRODUCT_BUNDLE_IDENTIFIER = com.song.GithubUserSearchApp;
				PRODUCT_NAME = "$(TARGET_NAME)";
				SWIFT_EMIT_LOC_STRINGS = YES;
				SWIFT_VERSION = 5.0;
				TARGETED_DEVICE_FAMILY = "1,2";
			};
			name = Debug;
		};
		E4C696362722E18700AE0796 /* Release */ = {
			isa = XCBuildConfiguration;
			buildSettings = {
				ASSETCATALOG_COMPILER_APPICON_NAME = AppIcon;
				ASSETCATALOG_COMPILER_GLOBAL_ACCENT_COLOR_NAME = AccentColor;
				CODE_SIGN_STYLE = Automatic;
				CURRENT_PROJECT_VERSION = 1;
				DEVELOPMENT_TEAM = 5M27T5LV4H;
				GENERATE_INFOPLIST_FILE = YES;
				INFOPLIST_FILE = GithubUserSearchApp/Resources/Info.plist;
				INFOPLIST_KEY_UIApplicationSupportsIndirectInputEvents = YES;
				INFOPLIST_KEY_UILaunchStoryboardName = LaunchScreen;
				INFOPLIST_KEY_UIMainStoryboardFile = Main;
				INFOPLIST_KEY_UISupportedInterfaceOrientations_iPad = "UIInterfaceOrientationPortrait UIInterfaceOrientationPortraitUpsideDown UIInterfaceOrientationLandscapeLeft UIInterfaceOrientationLandscapeRight";
				INFOPLIST_KEY_UISupportedInterfaceOrientations_iPhone = "UIInterfaceOrientationPortrait UIInterfaceOrientationLandscapeLeft UIInterfaceOrientationLandscapeRight";
				IPHONEOS_DEPLOYMENT_TARGET = 11.0;
				LD_RUNPATH_SEARCH_PATHS = (
					"$(inherited)",
					"@executable_path/Frameworks",
				);
				MARKETING_VERSION = 1.0;
				PRODUCT_BUNDLE_IDENTIFIER = com.song.GithubUserSearchApp;
				PRODUCT_NAME = "$(TARGET_NAME)";
				SWIFT_EMIT_LOC_STRINGS = YES;
				SWIFT_VERSION = 5.0;
				TARGETED_DEVICE_FAMILY = "1,2";
			};
			name = Release;
		};
		E4C696382722E18700AE0796 /* Debug */ = {
			isa = XCBuildConfiguration;
			buildSettings = {
				ALWAYS_EMBED_SWIFT_STANDARD_LIBRARIES = YES;
				BUNDLE_LOADER = "$(TEST_HOST)";
				CLANG_ENABLE_MODULES = YES;
				CODE_SIGN_STYLE = Automatic;
				CURRENT_PROJECT_VERSION = 1;
				DEVELOPMENT_TEAM = 5M27T5LV4H;
				GENERATE_INFOPLIST_FILE = YES;
				IPHONEOS_DEPLOYMENT_TARGET = 15.0;
				LD_RUNPATH_SEARCH_PATHS = (
					"$(inherited)",
					"@executable_path/Frameworks",
					"@loader_path/Frameworks",
				);
				MARKETING_VERSION = 1.0;
				PRODUCT_BUNDLE_IDENTIFIER = com.song.GithubUserSearchAppTests;
				PRODUCT_NAME = "$(TARGET_NAME)";
				SWIFT_EMIT_LOC_STRINGS = NO;
				SWIFT_OPTIMIZATION_LEVEL = "-Onone";
				SWIFT_VERSION = 5.0;
				TARGETED_DEVICE_FAMILY = "1,2";
				TEST_HOST = "$(BUILT_PRODUCTS_DIR)/GithubUserSearchApp.app/GithubUserSearchApp";
			};
			name = Debug;
		};
		E4C696392722E18700AE0796 /* Release */ = {
			isa = XCBuildConfiguration;
			buildSettings = {
				ALWAYS_EMBED_SWIFT_STANDARD_LIBRARIES = YES;
				BUNDLE_LOADER = "$(TEST_HOST)";
				CLANG_ENABLE_MODULES = YES;
				CODE_SIGN_STYLE = Automatic;
				CURRENT_PROJECT_VERSION = 1;
				DEVELOPMENT_TEAM = 5M27T5LV4H;
				GENERATE_INFOPLIST_FILE = YES;
				IPHONEOS_DEPLOYMENT_TARGET = 15.0;
				LD_RUNPATH_SEARCH_PATHS = (
					"$(inherited)",
					"@executable_path/Frameworks",
					"@loader_path/Frameworks",
				);
				MARKETING_VERSION = 1.0;
				PRODUCT_BUNDLE_IDENTIFIER = com.song.GithubUserSearchAppTests;
				PRODUCT_NAME = "$(TARGET_NAME)";
				SWIFT_EMIT_LOC_STRINGS = NO;
				SWIFT_VERSION = 5.0;
				TARGETED_DEVICE_FAMILY = "1,2";
				TEST_HOST = "$(BUILT_PRODUCTS_DIR)/GithubUserSearchApp.app/GithubUserSearchApp";
			};
			name = Release;
		};
		E4C6963B2722E18700AE0796 /* Debug */ = {
			isa = XCBuildConfiguration;
			buildSettings = {
				ALWAYS_EMBED_SWIFT_STANDARD_LIBRARIES = YES;
				CODE_SIGN_STYLE = Automatic;
				CURRENT_PROJECT_VERSION = 1;
				DEVELOPMENT_TEAM = 5M27T5LV4H;
				GENERATE_INFOPLIST_FILE = YES;
				LD_RUNPATH_SEARCH_PATHS = (
					"$(inherited)",
					"@executable_path/Frameworks",
					"@loader_path/Frameworks",
				);
				MARKETING_VERSION = 1.0;
				PRODUCT_BUNDLE_IDENTIFIER = com.song.GithubUserSearchAppUITests;
				PRODUCT_NAME = "$(TARGET_NAME)";
				SWIFT_EMIT_LOC_STRINGS = NO;
				SWIFT_VERSION = 5.0;
				TARGETED_DEVICE_FAMILY = "1,2";
				TEST_TARGET_NAME = GithubUserSearchApp;
			};
			name = Debug;
		};
		E4C6963C2722E18700AE0796 /* Release */ = {
			isa = XCBuildConfiguration;
			buildSettings = {
				ALWAYS_EMBED_SWIFT_STANDARD_LIBRARIES = YES;
				CODE_SIGN_STYLE = Automatic;
				CURRENT_PROJECT_VERSION = 1;
				DEVELOPMENT_TEAM = 5M27T5LV4H;
				GENERATE_INFOPLIST_FILE = YES;
				LD_RUNPATH_SEARCH_PATHS = (
					"$(inherited)",
					"@executable_path/Frameworks",
					"@loader_path/Frameworks",
				);
				MARKETING_VERSION = 1.0;
				PRODUCT_BUNDLE_IDENTIFIER = com.song.GithubUserSearchAppUITests;
				PRODUCT_NAME = "$(TARGET_NAME)";
				SWIFT_EMIT_LOC_STRINGS = NO;
				SWIFT_VERSION = 5.0;
				TARGETED_DEVICE_FAMILY = "1,2";
				TEST_TARGET_NAME = GithubUserSearchApp;
			};
			name = Release;
		};
/* End XCBuildConfiguration section */

/* Begin XCConfigurationList section */
		E4C696022722E18500AE0796 /* Build configuration list for PBXProject "GithubUserSearchApp" */ = {
			isa = XCConfigurationList;
			buildConfigurations = (
				E4C696322722E18700AE0796 /* Debug */,
				E4C696332722E18700AE0796 /* Release */,
			);
			defaultConfigurationIsVisible = 0;
			defaultConfigurationName = Release;
		};
		E4C696342722E18700AE0796 /* Build configuration list for PBXNativeTarget "GithubUserSearchApp" */ = {
			isa = XCConfigurationList;
			buildConfigurations = (
				E4C696352722E18700AE0796 /* Debug */,
				E4C696362722E18700AE0796 /* Release */,
			);
			defaultConfigurationIsVisible = 0;
			defaultConfigurationName = Release;
		};
		E4C696372722E18700AE0796 /* Build configuration list for PBXNativeTarget "GithubUserSearchAppTests" */ = {
			isa = XCConfigurationList;
			buildConfigurations = (
				E4C696382722E18700AE0796 /* Debug */,
				E4C696392722E18700AE0796 /* Release */,
			);
			defaultConfigurationIsVisible = 0;
			defaultConfigurationName = Release;
		};
		E4C6963A2722E18700AE0796 /* Build configuration list for PBXNativeTarget "GithubUserSearchAppUITests" */ = {
			isa = XCConfigurationList;
			buildConfigurations = (
				E4C6963B2722E18700AE0796 /* Debug */,
				E4C6963C2722E18700AE0796 /* Release */,
			);
			defaultConfigurationIsVisible = 0;
			defaultConfigurationName = Release;
		};
/* End XCConfigurationList section */

/* Begin XCVersionGroup section */
		E4C696132722E18500AE0796 /* GithubUserSearchApp.xcdatamodeld */ = {
			isa = XCVersionGroup;
			children = (
				E4C696142722E18500AE0796 /* GithubUserSearchApp.xcdatamodel */,
			);
			currentVersion = E4C696142722E18500AE0796 /* GithubUserSearchApp.xcdatamodel */;
			path = GithubUserSearchApp.xcdatamodeld;
			sourceTree = "<group>";
			versionGroupType = wrapper.xcdatamodel;
		};
/* End XCVersionGroup section */
	};
	rootObject = E4C695FF2722E18500AE0796 /* Project object */;
}
